{
  "name": "oaki",
  "version": "0.0.1",
  "lockfileVersion": 1,
  "requires": true,
  "dependencies": {
    "picodom": {
      "version": "1.0.0",
      "resolved": "https://registry.npmjs.org/picodom/-/picodom-1.0.0.tgz",
      "integrity": "sha512-DpprKKN8OjYx/qWqSM5YUwdwcVPKTNcL5KrzSz5gyXC6nVqkTAzLp6y5uqmdVIZbOYexRI4FD2kowCUHH8XM0g=="
    }
  }
}
